
Microsoft Visual Studio Solution File, Format Version 12.00
# Visual Studio Version 17
VisualStudioVersion = 17.7.34031.279
MinimumVisualStudioVersion = 10.0.40219.1
Project("{FAE04EC0-301F-11D3-BF4B-00C04F79EFBC}") = "WindowsScoreKeeper", "WindowsScoreKeeper.csproj", "{01F53AC5-CF85-483E-88D3-0B5B6F2BF3E5}"
EndProject
Project("{FAE04EC0-301F-11D3-BF4B-00C04F79EFBC}") = "WindowsApis", "..\WindowsApis\WindowsApis.csproj", "{A487C740-372F-4C8D-9CE2-114EBC0703E4}"
EndProject
Project("{FAE04EC0-301F-11D3-BF4B-00C04F79EFBC}") = "VulnerabilityTracker", "..\VulnerabilityTracker\VulnerabilityTracker.csproj", "{69B9FB04-DB74-4D49-B74F-3418ECAA2685}"
EndProject
Global
	GlobalSection(SolutionConfigurationPlatforms) = preSolution
		Debug|Any CPU = Debug|Any CPU
		Release|Any CPU = Release|Any CPU
	EndGlobalSection
	GlobalSection(ProjectConfigurationPlatforms) = postSolution
		{01F53AC5-CF85-483E-88D3-0B5B6F2BF3E5}.Debug|Any CPU.ActiveCfg = Debug|Any CPU
		{01F53AC5-CF85-483E-88D3-0B5B6F2BF3E5}.Debug|Any CPU.Build.0 = Debug|Any CPU
		{01F53AC5-CF85-483E-88D3-0B5B6F2BF3E5}.Release|Any CPU.ActiveCfg = Release|Any CPU
		{01F53AC5-CF85-483E-88D3-0B5B6F2BF3E5}.Release|Any CPU.Build.0 = Release|Any CPU
		{A487C740-372F-4C8D-9CE2-114EBC0703E4}.Debug|Any CPU.ActiveCfg = Debug|Any CPU
		{A487C740-372F-4C8D-9CE2-114EBC0703E4}.Debug|Any CPU.Build.0 = Debug|Any CPU
		{A487C740-372F-4C8D-9CE2-114EBC0703E4}.Release|Any CPU.ActiveCfg = Release|Any CPU
		{A487C740-372F-4C8D-9CE2-114EBC0703E4}.Release|Any CPU.Build.0 = Release|Any CPU
		{69B9FB04-DB74-4D49-B74F-3418ECAA2685}.Debug|Any CPU.ActiveCfg = Debug|Any CPU
		{69B9FB04-DB74-4D49-B74F-3418ECAA2685}.Debug|Any CPU.Build.0 = Debug|Any CPU
		{69B9FB04-DB74-4D49-B74F-3418ECAA2685}.Release|Any CPU.ActiveCfg = Release|Any CPU
		{69B9FB04-DB74-4D49-B74F-3418ECAA2685}.Release|Any CPU.Build.0 = Release|Any CPU
	EndGlobalSection
	GlobalSection(SolutionProperties) = preSolution
		HideSolutionNode = FALSE
	EndGlobalSection
	GlobalSection(ExtensibilityGlobals) = postSolution
		SolutionGuid = {611A4AE8-D109-455A-B986-9A5FEBFDAD9A}
	EndGlobalSection
EndGlobal
